
Microsoft Visual Studio Solution File, Format Version 12.00
# Visual Studio Version 16
VisualStudioVersion = 16.0.30523.141
MinimumVisualStudioVersion = 10.0.40219.1
Project("{FAE04EC0-301F-11D3-BF4B-00C04F79EFBC}") = "Homework1", "Homework1\Homework1.csproj", "{65A54DC4-F5F2-469E-AA53-91A0DC8AE1A5}"
EndProject
Global
	GlobalSection(SolutionConfigurationPlatforms) = preSolution
		Debug|Any CPU = Debug|Any CPU
		Release|Any CPU = Release|Any CPU
	EndGlobalSection
	GlobalSection(ProjectConfigurationPlatforms) = postSolution
		{65A54DC4-F5F2-469E-AA53-91A0DC8AE1A5}.Debug|Any CPU.ActiveCfg = Debug|Any CPU
		{65A54DC4-F5F2-469E-AA53-91A0DC8AE1A5}.Debug|Any CPU.Build.0 = Debug|Any CPU
		{65A54DC4-F5F2-469E-AA53-91A0DC8AE1A5}.Release|Any CPU.ActiveCfg = Release|Any CPU
		{65A54DC4-F5F2-469E-AA53-91A0DC8AE1A5}.Release|Any CPU.Build.0 = Release|Any CPU
	EndGlobalSection
	GlobalSection(SolutionProperties) = preSolution
		HideSolutionNode = FALSE
	EndGlobalSection
	GlobalSection(ExtensibilityGlobals) = postSolution
		SolutionGuid = {45FBB8E5-6AA5-44DF-B5F2-B3DC817A1954}
	EndGlobalSection
EndGlobal
